// !$*UTF8*$!
{
	archiveVersion = 1;
	classes = {
	};
	objectVersion = 46;
	objects = {

/* Begin PBXBuildFile section */
		1EBAD1A31DE13AAD007CEA89 /* AppDelegate.swift in Sources */ = {isa = PBXBuildFile; fileRef = 1EBAD1A21DE13AAD007CEA89 /* AppDelegate.swift */; };
		1EBAD1A51DE13AAD007CEA89 /* ViewController.swift in Sources */ = {isa = PBXBuildFile; fileRef = 1EBAD1A41DE13AAD007CEA89 /* ViewController.swift */; };
		1EBAD1A81DE13AAD007CEA89 /* Main.storyboard in Resources */ = {isa = PBXBuildFile; fileRef = 1EBAD1A61DE13AAD007CEA89 /* Main.storyboard */; };
		1EBAD1AA1DE13AAD007CEA89 /* Assets.xcassets in Resources */ = {isa = PBXBuildFile; fileRef = 1EBAD1A91DE13AAD007CEA89 /* Assets.xcassets */; };
		1EBAD1AD1DE13AAD007CEA89 /* LaunchScreen.storyboard in Resources */ = {isa = PBXBuildFile; fileRef = 1EBAD1AB1DE13AAD007CEA89 /* LaunchScreen.storyboard */; };
		1EBAD1B81DE13AAD007CEA89 /* GroupitFinalTests.swift in Sources */ = {isa = PBXBuildFile; fileRef = 1EBAD1B71DE13AAD007CEA89 /* GroupitFinalTests.swift */; };
		1EBAD1C31DE13AAD007CEA89 /* GroupitFinalUITests.swift in Sources */ = {isa = PBXBuildFile; fileRef = 1EBAD1C21DE13AAD007CEA89 /* GroupitFinalUITests.swift */; };
/* End PBXBuildFile section */

/* Begin PBXContainerItemProxy section */
		1EBAD1B41DE13AAD007CEA89 /* PBXContainerItemProxy */ = {
			isa = PBXContainerItemProxy;
			containerPortal = 1EBAD1971DE13AAD007CEA89 /* Project object */;
			proxyType = 1;
			remoteGlobalIDString = 1EBAD19E1DE13AAD007CEA89;
			remoteInfo = GroupitFinal;
		};
		1EBAD1BF1DE13AAD007CEA89 /* PBXContainerItemProxy */ = {
			isa = PBXContainerItemProxy;
			containerPortal = 1EBAD1971DE13AAD007CEA89 /* Project object */;
			proxyType = 1;
			remoteGlobalIDString = 1EBAD19E1DE13AAD007CEA89;
			remoteInfo = GroupitFinal;
		};
/* End PBXContainerItemProxy section */

/* Begin PBXFileReference section */
		1EBAD19F1DE13AAD007CEA89 /* GroupitFinal.app */ = {isa = PBXFileReference; explicitFileType = wrapper.application; includeInIndex = 0; path = GroupitFinal.app; sourceTree = BUILT_PRODUCTS_DIR; };
		1EBAD1A21DE13AAD007CEA89 /* AppDelegate.swift */ = {isa = PBXFileReference; lastKnownFileType = sourcecode.swift; path = AppDelegate.swift; sourceTree = "<group>"; };
		1EBAD1A41DE13AAD007CEA89 /* ViewController.swift */ = {isa = PBXFileReference; lastKnownFileType = sourcecode.swift; path = ViewController.swift; sourceTree = "<group>"; };
		1EBAD1A71DE13AAD007CEA89 /* Base */ = {isa = PBXFileReference; lastKnownFileType = file.storyboard; name = Base; path = Base.lproj/Main.storyboard; sourceTree = "<group>"; };
		1EBAD1A91DE13AAD007CEA89 /* Assets.xcassets */ = {isa = PBXFileReference; lastKnownFileType = folder.assetcatalog; path = Assets.xcassets; sourceTree = "<group>"; };
		1EBAD1AC1DE13AAD007CEA89 /* Base */ = {isa = PBXFileReference; lastKnownFileType = file.storyboard; name = Base; path = Base.lproj/LaunchScreen.storyboard; sourceTree = "<group>"; };
		1EBAD1AE1DE13AAD007CEA89 /* Info.plist */ = {isa = PBXFileReference; lastKnownFileType = text.plist.xml; path = Info.plist; sourceTree = "<group>"; };
		1EBAD1B31DE13AAD007CEA89 /* GroupitFinalTests.xctest */ = {isa = PBXFileReference; explicitFileType = wrapper.cfbundle; includeInIndex = 0; path = GroupitFinalTests.xctest; sourceTree = BUILT_PRODUCTS_DIR; };
		1EBAD1B71DE13AAD007CEA89 /* GroupitFinalTests.swift */ = {isa = PBXFileReference; lastKnownFileType = sourcecode.swift; path = GroupitFinalTests.swift; sourceTree = "<group>"; };
		1EBAD1B91DE13AAD007CEA89 /* Info.plist */ = {isa = PBXFileReference; lastKnownFileType = text.plist.xml; path = Info.plist; sourceTree = "<group>"; };
		1EBAD1BE1DE13AAD007CEA89 /* GroupitFinalUITests.xctest */ = {isa = PBXFileReference; explicitFileType = wrapper.cfbundle; includeInIndex = 0; path = GroupitFinalUITests.xctest; sourceTree = BUILT_PRODUCTS_DIR; };
		1EBAD1C21DE13AAD007CEA89 /* GroupitFinalUITests.swift */ = {isa = PBXFileReference; lastKnownFileType = sourcecode.swift; path = GroupitFinalUITests.swift; sourceTree = "<group>"; };
		1EBAD1C41DE13AAD007CEA89 /* Info.plist */ = {isa = PBXFileReference; lastKnownFileType = text.plist.xml; path = Info.plist; sourceTree = "<group>"; };
/* End PBXFileReference section */

/* Begin PBXFrameworksBuildPhase section */
		1EBAD19C1DE13AAD007CEA89 /* Frameworks */ = {
			isa = PBXFrameworksBuildPhase;
			buildActionMask = 2147483647;
			files = (
			);
			runOnlyForDeploymentPostprocessing = 0;
		};
		1EBAD1B01DE13AAD007CEA89 /* Frameworks */ = {
			isa = PBXFrameworksBuildPhase;
			buildActionMask = 2147483647;
			files = (
			);
			runOnlyForDeploymentPostprocessing = 0;
		};
		1EBAD1BB1DE13AAD007CEA89 /* Frameworks */ = {
			isa = PBXFrameworksBuildPhase;
			buildActionMask = 2147483647;
			files = (
			);
			runOnlyForDeploymentPostprocessing = 0;
		};
/* End PBXFrameworksBuildPhase section */

/* Begin PBXGroup section */
		1EBAD1961DE13AAD007CEA89 = {
			isa = PBXGroup;
			children = (
				1EBAD1A11DE13AAD007CEA89 /* GroupitFinal */,
				1EBAD1B61DE13AAD007CEA89 /* GroupitFinalTests */,
				1EBAD1C11DE13AAD007CEA89 /* GroupitFinalUITests */,
				1EBAD1A01DE13AAD007CEA89 /* Products */,
			);
			sourceTree = "<group>";
		};
		1EBAD1A01DE13AAD007CEA89 /* Products */ = {
			isa = PBXGroup;
			children = (
				1EBAD19F1DE13AAD007CEA89 /* GroupitFinal.app */,
				1EBAD1B31DE13AAD007CEA89 /* GroupitFinalTests.xctest */,
				1EBAD1BE1DE13AAD007CEA89 /* GroupitFinalUITests.xctest */,
			);
			name = Products;
			sourceTree = "<group>";
		};
		1EBAD1A11DE13AAD007CEA89 /* GroupitFinal */ = {
			isa = PBXGroup;
			children = (
				1EBAD1A21DE13AAD007CEA89 /* AppDelegate.swift */,
				1EBAD1A41DE13AAD007CEA89 /* ViewController.swift */,
				1EBAD1A61DE13AAD007CEA89 /* Main.storyboard */,
				1EBAD1A91DE13AAD007CEA89 /* Assets.xcassets */,
				1EBAD1AB1DE13AAD007CEA89 /* LaunchScreen.storyboard */,
				1EBAD1AE1DE13AAD007CEA89 /* Info.plist */,
			);
			path = GroupitFinal;
			sourceTree = "<group>";
		};
		1EBAD1B61DE13AAD007CEA89 /* GroupitFinalTests */ = {
			isa = PBXGroup;
			children = (
				1EBAD1B71DE13AAD007CEA89 /* GroupitFinalTests.swift */,
				1EBAD1B91DE13AAD007CEA89 /* Info.plist */,
			);
			path = GroupitFinalTests;
			sourceTree = "<group>";
		};
		1EBAD1C11DE13AAD007CEA89 /* GroupitFinalUITests */ = {
			isa = PBXGroup;
			children = (
				1EBAD1C21DE13AAD007CEA89 /* GroupitFinalUITests.swift */,
				1EBAD1C41DE13AAD007CEA89 /* Info.plist */,
			);
			path = GroupitFinalUITests;
			sourceTree = "<group>";
		};
/* End PBXGroup section */

/* Begin PBXNativeTarget section */
		1EBAD19E1DE13AAD007CEA89 /* GroupitFinal */ = {
			isa = PBXNativeTarget;
			buildConfigurationList = 1EBAD1C71DE13AAD007CEA89 /* Build configuration list for PBXNativeTarget "GroupitFinal" */;
			buildPhases = (
				1EBAD19B1DE13AAD007CEA89 /* Sources */,
				1EBAD19C1DE13AAD007CEA89 /* Frameworks */,
				1EBAD19D1DE13AAD007CEA89 /* Resources */,
			);
			buildRules = (
			);
			dependencies = (
			);
			name = GroupitFinal;
			productName = GroupitFinal;
			productReference = 1EBAD19F1DE13AAD007CEA89 /* GroupitFinal.app */;
			productType = "com.apple.product-type.application";
		};
		1EBAD1B21DE13AAD007CEA89 /* GroupitFinalTests */ = {
			isa = PBXNativeTarget;
			buildConfigurationList = 1EBAD1CA1DE13AAD007CEA89 /* Build configuration list for PBXNativeTarget "GroupitFinalTests" */;
			buildPhases = (
				1EBAD1AF1DE13AAD007CEA89 /* Sources */,
				1EBAD1B01DE13AAD007CEA89 /* Frameworks */,
				1EBAD1B11DE13AAD007CEA89 /* Resources */,
			);
			buildRules = (
			);
			dependencies = (
				1EBAD1B51DE13AAD007CEA89 /* PBXTargetDependency */,
			);
			name = GroupitFinalTests;
			productName = GroupitFinalTests;
			productReference = 1EBAD1B31DE13AAD007CEA89 /* GroupitFinalTests.xctest */;
			productType = "com.apple.product-type.bundle.unit-test";
		};
		1EBAD1BD1DE13AAD007CEA89 /* GroupitFinalUITests */ = {
			isa = PBXNativeTarget;
			buildConfigurationList = 1EBAD1CD1DE13AAD007CEA89 /* Build configuration list for PBXNativeTarget "GroupitFinalUITests" */;
			buildPhases = (
				1EBAD1BA1DE13AAD007CEA89 /* Sources */,
				1EBAD1BB1DE13AAD007CEA89 /* Frameworks */,
				1EBAD1BC1DE13AAD007CEA89 /* Resources */,
			);
			buildRules = (
			);
			dependencies = (
				1EBAD1C01DE13AAD007CEA89 /* PBXTargetDependency */,
			);
			name = GroupitFinalUITests;
			productName = GroupitFinalUITests;
			productReference = 1EBAD1BE1DE13AAD007CEA89 /* GroupitFinalUITests.xctest */;
			productType = "com.apple.product-type.bundle.ui-testing";
		};
/* End PBXNativeTarget section */

/* Begin PBXProject section */
		1EBAD1971DE13AAD007CEA89 /* Project object */ = {
			isa = PBXProject;
			attributes = {
				LastSwiftUpdateCheck = 0810;
				LastUpgradeCheck = 0810;
				ORGANIZATIONNAME = "Justin Kim";
				TargetAttributes = {
					1EBAD19E1DE13AAD007CEA89 = {
						CreatedOnToolsVersion = 8.1;
						ProvisioningStyle = Automatic;
					};
					1EBAD1B21DE13AAD007CEA89 = {
						CreatedOnToolsVersion = 8.1;
						ProvisioningStyle = Automatic;
						TestTargetID = 1EBAD19E1DE13AAD007CEA89;
					};
					1EBAD1BD1DE13AAD007CEA89 = {
						CreatedOnToolsVersion = 8.1;
						ProvisioningStyle = Automatic;
						TestTargetID = 1EBAD19E1DE13AAD007CEA89;
					};
				};
			};
			buildConfigurationList = 1EBAD19A1DE13AAD007CEA89 /* Build configuration list for PBXProject "GroupitFinal" */;
			compatibilityVersion = "Xcode 3.2";
			developmentRegion = English;
			hasScannedForEncodings = 0;
			knownRegions = (
				en,
				Base,
			);
			mainGroup = 1EBAD1961DE13AAD007CEA89;
			productRefGroup = 1EBAD1A01DE13AAD007CEA89 /* Products */;
			projectDirPath = "";
			projectRoot = "";
			targets = (
				1EBAD19E1DE13AAD007CEA89 /* GroupitFinal */,
				1EBAD1B21DE13AAD007CEA89 /* GroupitFinalTests */,
				1EBAD1BD1DE13AAD007CEA89 /* GroupitFinalUITests */,
			);
		};
/* End PBXProject section */

/* Begin PBXResourcesBuildPhase section */
		1EBAD19D1DE13AAD007CEA89 /* Resources */ = {
			isa = PBXResourcesBuildPhase;
			buildActionMask = 2147483647;
			files = (
				1EBAD1AD1DE13AAD007CEA89 /* LaunchScreen.storyboard in Resources */,
				1EBAD1AA1DE13AAD007CEA89 /* Assets.xcassets in Resources */,
				1EBAD1A81DE13AAD007CEA89 /* Main.storyboard in Resources */,
			);
			runOnlyForDeploymentPostprocessing = 0;
		};
		1EBAD1B11DE13AAD007CEA89 /* Resources */ = {
			isa = PBXResourcesBuildPhase;
			buildActionMask = 2147483647;
			files = (
			);
			runOnlyForDeploymentPostprocessing = 0;
		};
		1EBAD1BC1DE13AAD007CEA89 /* Resources */ = {
			isa = PBXResourcesBuildPhase;
			buildActionMask = 2147483647;
			files = (
			);
			runOnlyForDeploymentPostprocessing = 0;
		};
/* End PBXResourcesBuildPhase section */

/* Begin PBXSourcesBuildPhase section */
		1EBAD19B1DE13AAD007CEA89 /* Sources */ = {
			isa = PBXSourcesBuildPhase;
			buildActionMask = 2147483647;
			files = (
				1EBAD1A51DE13AAD007CEA89 /* ViewController.swift in Sources */,
				1EBAD1A31DE13AAD007CEA89 /* AppDelegate.swift in Sources */,
			);
			runOnlyForDeploymentPostprocessing = 0;
		};
		1EBAD1AF1DE13AAD007CEA89 /* Sources */ = {
			isa = PBXSourcesBuildPhase;
			buildActionMask = 2147483647;
			files = (
				1EBAD1B81DE13AAD007CEA89 /* GroupitFinalTests.swift in Sources */,
			);
			runOnlyForDeploymentPostprocessing = 0;
		};
		1EBAD1BA1DE13AAD007CEA89 /* Sources */ = {
			isa = PBXSourcesBuildPhase;
			buildActionMask = 2147483647;
			files = (
				1EBAD1C31DE13AAD007CEA89 /* GroupitFinalUITests.swift in Sources */,
			);
			runOnlyForDeploymentPostprocessing = 0;
		};
/* End PBXSourcesBuildPhase section */

/* Begin PBXTargetDependency section */
		1EBAD1B51DE13AAD007CEA89 /* PBXTargetDependency */ = {
			isa = PBXTargetDependency;
			target = 1EBAD19E1DE13AAD007CEA89 /* GroupitFinal */;
			targetProxy = 1EBAD1B41DE13AAD007CEA89 /* PBXContainerItemProxy */;
		};
		1EBAD1C01DE13AAD007CEA89 /* PBXTargetDependency */ = {
			isa = PBXTargetDependency;
			target = 1EBAD19E1DE13AAD007CEA89 /* GroupitFinal */;
			targetProxy = 1EBAD1BF1DE13AAD007CEA89 /* PBXContainerItemProxy */;
		};
/* End PBXTargetDependency section */

/* Begin PBXVariantGroup section */
		1EBAD1A61DE13AAD007CEA89 /* Main.storyboard */ = {
			isa = PBXVariantGroup;
			children = (
				1EBAD1A71DE13AAD007CEA89 /* Base */,
			);
			name = Main.storyboard;
			sourceTree = "<group>";
		};
		1EBAD1AB1DE13AAD007CEA89 /* LaunchScreen.storyboard */ = {
			isa = PBXVariantGroup;
			children = (
				1EBAD1AC1DE13AAD007CEA89 /* Base */,
			);
			name = LaunchScreen.storyboard;
			sourceTree = "<group>";
		};
/* End PBXVariantGroup section */

/* Begin XCBuildConfiguration section */
		1EBAD1C51DE13AAD007CEA89 /* Debug */ = {
			isa = XCBuildConfiguration;
			buildSettings = {
				ALWAYS_SEARCH_USER_PATHS = NO;
				CLANG_ANALYZER_NONNULL = YES;
				CLANG_CXX_LANGUAGE_STANDARD = "gnu++0x";
				CLANG_CXX_LIBRARY = "libc++";
				CLANG_ENABLE_MODULES = YES;
				CLANG_ENABLE_OBJC_ARC = YES;
				CLANG_WARN_BOOL_CONVERSION = YES;
				CLANG_WARN_CONSTANT_CONVERSION = YES;
				CLANG_WARN_DIRECT_OBJC_ISA_USAGE = YES_ERROR;
				CLANG_WARN_DOCUMENTATION_COMMENTS = YES;
				CLANG_WARN_EMPTY_BODY = YES;
				CLANG_WARN_ENUM_CONVERSION = YES;
				CLANG_WARN_INFINITE_RECURSION = YES;
				CLANG_WARN_INT_CONVERSION = YES;
				CLANG_WARN_OBJC_ROOT_CLASS = YES_ERROR;
				CLANG_WARN_SUSPICIOUS_MOVES = YES;
				CLANG_WARN_UNREACHABLE_CODE = YES;
				CLANG_WARN__DUPLICATE_METHOD_MATCH = YES;
				"CODE_SIGN_IDENTITY[sdk=iphoneos*]" = "iPhone Developer";
				COPY_PHASE_STRIP = NO;
				DEBUG_INFORMATION_FORMAT = dwarf;
				ENABLE_STRICT_OBJC_MSGSEND = YES;
				ENABLE_TESTABILITY = YES;
				GCC_C_LANGUAGE_STANDARD = gnu99;
				GCC_DYNAMIC_NO_PIC = NO;
				GCC_NO_COMMON_BLOCKS = YES;
				GCC_OPTIMIZATION_LEVEL = 0;
				GCC_PREPROCESSOR_DEFINITIONS = (
					"DEBUG=1",
					"$(inherited)",
				);
				GCC_WARN_64_TO_32_BIT_CONVERSION = YES;
				GCC_WARN_ABOUT_RETURN_TYPE = YES_ERROR;
				GCC_WARN_UNDECLARED_SELECTOR = YES;
				GCC_WARN_UNINITIALIZED_AUTOS = YES_AGGRESSIVE;
				GCC_WARN_UNUSED_FUNCTION = YES;
				GCC_WARN_UNUSED_VARIABLE = YES;
				IPHONEOS_DEPLOYMENT_TARGET = 10.1;
				MTL_ENABLE_DEBUG_INFO = YES;
				ONLY_ACTIVE_ARCH = YES;
				SDKROOT = iphoneos;
				SWIFT_ACTIVE_COMPILATION_CONDITIONS = DEBUG;
				SWIFT_OPTIMIZATION_LEVEL = "-Onone";
				TARGETED_DEVICE_FAMILY = "1,2";
			};
			name = Debug;
		};
		1EBAD1C61DE13AAD007CEA89 /* Release */ = {
			isa = XCBuildConfiguration;
			buildSettings = {
				ALWAYS_SEARCH_USER_PATHS = NO;
				CLANG_ANALYZER_NONNULL = YES;
				CLANG_CXX_LANGUAGE_STANDARD = "gnu++0x";
				CLANG_CXX_LIBRARY = "libc++";
				CLANG_ENABLE_MODULES = YES;
				CLANG_ENABLE_OBJC_ARC = YES;
				CLANG_WARN_BOOL_CONVERSION = YES;
				CLANG_WARN_CONSTANT_CONVERSION = YES;
				CLANG_WARN_DIRECT_OBJC_ISA_USAGE = YES_ERROR;
				CLANG_WARN_DOCUMENTATION_COMMENTS = YES;
				CLANG_WARN_EMPTY_BODY = YES;
				CLANG_WARN_ENUM_CONVERSION = YES;
				CLANG_WARN_INFINITE_RECURSION = YES;
				CLANG_WARN_INT_CONVERSION = YES;
				CLANG_WARN_OBJC_ROOT_CLASS = YES_ERROR;
				CLANG_WARN_SUSPICIOUS_MOVES = YES;
				CLANG_WARN_UNREACHABLE_CODE = YES;
				CLANG_WARN__DUPLICATE_METHOD_MATCH = YES;
				"CODE_SIGN_IDENTITY[sdk=iphoneos*]" = "iPhone Developer";
				COPY_PHASE_STRIP = NO;
				DEBUG_INFORMATION_FORMAT = "dwarf-with-dsym";
				ENABLE_NS_ASSERTIONS = NO;
				ENABLE_STRICT_OBJC_MSGSEND = YES;
				GCC_C_LANGUAGE_STANDARD = gnu99;
				GCC_NO_COMMON_BLOCKS = YES;
				GCC_WARN_64_TO_32_BIT_CONVERSION = YES;
				GCC_WARN_ABOUT_RETURN_TYPE = YES_ERROR;
				GCC_WARN_UNDECLARED_SELECTOR = YES;
				GCC_WARN_UNINITIALIZED_AUTOS = YES_AGGRESSIVE;
				GCC_WARN_UNUSED_FUNCTION = YES;
				GCC_WARN_UNUSED_VARIABLE = YES;
				IPHONEOS_DEPLOYMENT_TARGET = 10.1;
				MTL_ENABLE_DEBUG_INFO = NO;
				SDKROOT = iphoneos;
				SWIFT_OPTIMIZATION_LEVEL = "-Owholemodule";
				TARGETED_DEVICE_FAMILY = "1,2";
				VALIDATE_PRODUCT = YES;
			};
			name = Release;
		};
		1EBAD1C81DE13AAD007CEA89 /* Debug */ = {
			isa = XCBuildConfiguration;
			buildSettings = {
				ASSETCATALOG_COMPILER_APPICON_NAME = AppIcon;
				INFOPLIST_FILE = GroupitFinal/Info.plist;
				LD_RUNPATH_SEARCH_PATHS = "$(inherited) @executable_path/Frameworks";
				PRODUCT_BUNDLE_IDENTIFIER = JK.GroupitFinal;
				PRODUCT_NAME = "$(TARGET_NAME)";
				SWIFT_VERSION = 3.0;
			};
			name = Debug;
		};
		1EBAD1C91DE13AAD007CEA89 /* Release */ = {
			isa = XCBuildConfiguration;
			buildSettings = {
				ASSETCATALOG_COMPILER_APPICON_NAME = AppIcon;
				INFOPLIST_FILE = GroupitFinal/Info.plist;
				LD_RUNPATH_SEARCH_PATHS = "$(inherited) @executable_path/Frameworks";
				PRODUCT_BUNDLE_IDENTIFIER = JK.GroupitFinal;
				PRODUCT_NAME = "$(TARGET_NAME)";
				SWIFT_VERSION = 3.0;
			};
			name = Release;
		};
		1EBAD1CB1DE13AAD007CEA89 /* Debug */ = {
			isa = XCBuildConfiguration;
			buildSettings = {
				ALWAYS_EMBED_SWIFT_STANDARD_LIBRARIES = YES;
				BUNDLE_LOADER = "$(TEST_HOST)";
				INFOPLIST_FILE = GroupitFinalTests/Info.plist;
				LD_RUNPATH_SEARCH_PATHS = "$(inherited) @executable_path/Frameworks @loader_path/Frameworks";
				PRODUCT_BUNDLE_IDENTIFIER = JK.GroupitFinalTests;
				PRODUCT_NAME = "$(TARGET_NAME)";
				SWIFT_VERSION = 3.0;
				TEST_HOST = "$(BUILT_PRODUCTS_DIR)/GroupitFinal.app/GroupitFinal";
			};
			name = Debug;
		};
		1EBAD1CC1DE13AAD007CEA89 /* Release */ = {
			isa = XCBuildConfiguration;
			buildSettings = {
				ALWAYS_EMBED_SWIFT_STANDARD_LIBRARIES = YES;
				BUNDLE_LOADER = "$(TEST_HOST)";
				INFOPLIST_FILE = GroupitFinalTests/Info.plist;
				LD_RUNPATH_SEARCH_PATHS = "$(inherited) @executable_path/Frameworks @loader_path/Frameworks";
				PRODUCT_BUNDLE_IDENTIFIER = JK.GroupitFinalTests;
				PRODUCT_NAME = "$(TARGET_NAME)";
				SWIFT_VERSION = 3.0;
				TEST_HOST = "$(BUILT_PRODUCTS_DIR)/GroupitFinal.app/GroupitFinal";
			};
			name = Release;
		};
		1EBAD1CE1DE13AAD007CEA89 /* Debug */ = {
			isa = XCBuildConfiguration;
			buildSettings = {
				ALWAYS_EMBED_SWIFT_STANDARD_LIBRARIES = YES;
				INFOPLIST_FILE = GroupitFinalUITests/Info.plist;
				LD_RUNPATH_SEARCH_PATHS = "$(inherited) @executable_path/Frameworks @loader_path/Frameworks";
				PRODUCT_BUNDLE_IDENTIFIER = JK.GroupitFinalUITests;
				PRODUCT_NAME = "$(TARGET_NAME)";
				SWIFT_VERSION = 3.0;
				TEST_TARGET_NAME = GroupitFinal;
			};
			name = Debug;
		};
		1EBAD1CF1DE13AAD007CEA89 /* Release */ = {
			isa = XCBuildConfiguration;
			buildSettings = {
				ALWAYS_EMBED_SWIFT_STANDARD_LIBRARIES = YES;
				INFOPLIST_FILE = GroupitFinalUITests/Info.plist;
				LD_RUNPATH_SEARCH_PATHS = "$(inherited) @executable_path/Frameworks @loader_path/Frameworks";
				PRODUCT_BUNDLE_IDENTIFIER = JK.GroupitFinalUITests;
				PRODUCT_NAME = "$(TARGET_NAME)";
				SWIFT_VERSION = 3.0;
				TEST_TARGET_NAME = GroupitFinal;
			};
			name = Release;
		};
/* End XCBuildConfiguration section */

/* Begin XCConfigurationList section */
		1EBAD19A1DE13AAD007CEA89 /* Build configuration list for PBXProject "GroupitFinal" */ = {
			isa = XCConfigurationList;
			buildConfigurations = (
				1EBAD1C51DE13AAD007CEA89 /* Debug */,
				1EBAD1C61DE13AAD007CEA89 /* Release */,
			);
			defaultConfigurationIsVisible = 0;
			defaultConfigurationName = Release;
		};
		1EBAD1C71DE13AAD007CEA89 /* Build configuration list for PBXNativeTarget "GroupitFinal" */ = {
			isa = XCConfigurationList;
			buildConfigurations = (
				1EBAD1C81DE13AAD007CEA89 /* Debug */,
				1EBAD1C91DE13AAD007CEA89 /* Release */,
			);
			defaultConfigurationIsVisible = 0;
		};
		1EBAD1CA1DE13AAD007CEA89 /* Build configuration list for PBXNativeTarget "GroupitFinalTests" */ = {
			isa = XCConfigurationList;
			buildConfigurations = (
				1EBAD1CB1DE13AAD007CEA89 /* Debug */,
				1EBAD1CC1DE13AAD007CEA89 /* Release */,
			);
			defaultConfigurationIsVisible = 0;
		};
		1EBAD1CD1DE13AAD007CEA89 /* Build configuration list for PBXNativeTarget "GroupitFinalUITests" */ = {
			isa = XCConfigurationList;
			buildConfigurations = (
				1EBAD1CE1DE13AAD007CEA89 /* Debug */,
				1EBAD1CF1DE13AAD007CEA89 /* Release */,
			);
			defaultConfigurationIsVisible = 0;
		};
/* End XCConfigurationList section */
	};
	rootObject = 1EBAD1971DE13AAD007CEA89 /* Project object */;
}
